{
  "name": "input-autowidth",
  "version": "1.0.0",
  "lockfileVersion": 1,
  "requires": true,
  "dependencies": {
    "is-printable-keycode": {
      "version": "1.0.1",
      "resolved": "https://registry.npmjs.org/is-printable-keycode/-/is-printable-keycode-1.0.1.tgz",
      "integrity": "sha512-RfAkgGFjDSWVG/Q+zx7bQAaJFgJgZrKieO7ETVOe2v53qxswOfGyf+wqQceVLKrLlTdCkS4zSJBBRDqkE8pQ2g=="
    }
  }
}
